
Microsoft Visual Studio Solution File, Format Version 12.00
# Visual Studio 15
VisualStudioVersion = 15.0.28010.2046
MinimumVisualStudioVersion = 10.0.40219.1
Project("{FAE04EC0-301F-11D3-BF4B-00C04F79EFBC}") = "PictureClub", "PictureClub\PictureClub.csproj", "{F3F99C73-1854-4155-AF69-8167FC972C05}"
EndProject
Project("{00D1A9C2-B5F0-4AF3-8072-F6C62B433612}") = "PictureClubData", "PictureClubData\PictureClubData.sqlproj", "{9A63D0B6-6BA4-4832-AC6B-D3866E162E08}"
EndProject
Global
	GlobalSection(SolutionConfigurationPlatforms) = preSolution
		Debug|Any CPU = Debug|Any CPU
		Release|Any CPU = Release|Any CPU
	EndGlobalSection
	GlobalSection(ProjectConfigurationPlatforms) = postSolution
		{F3F99C73-1854-4155-AF69-8167FC972C05}.Debug|Any CPU.ActiveCfg = Debug|Any CPU
		{F3F99C73-1854-4155-AF69-8167FC972C05}.Debug|Any CPU.Build.0 = Debug|Any CPU
		{F3F99C73-1854-4155-AF69-8167FC972C05}.Release|Any CPU.ActiveCfg = Release|Any CPU
		{F3F99C73-1854-4155-AF69-8167FC972C05}.Release|Any CPU.Build.0 = Release|Any CPU
		{9A63D0B6-6BA4-4832-AC6B-D3866E162E08}.Debug|Any CPU.ActiveCfg = Debug|Any CPU
		{9A63D0B6-6BA4-4832-AC6B-D3866E162E08}.Debug|Any CPU.Build.0 = Debug|Any CPU
		{9A63D0B6-6BA4-4832-AC6B-D3866E162E08}.Debug|Any CPU.Deploy.0 = Debug|Any CPU
		{9A63D0B6-6BA4-4832-AC6B-D3866E162E08}.Release|Any CPU.ActiveCfg = Release|Any CPU
		{9A63D0B6-6BA4-4832-AC6B-D3866E162E08}.Release|Any CPU.Build.0 = Release|Any CPU
		{9A63D0B6-6BA4-4832-AC6B-D3866E162E08}.Release|Any CPU.Deploy.0 = Release|Any CPU
	EndGlobalSection
	GlobalSection(SolutionProperties) = preSolution
		HideSolutionNode = FALSE
	EndGlobalSection
	GlobalSection(ExtensibilityGlobals) = postSolution
		SolutionGuid = {78252C18-EB9D-4B5E-A884-AAF60417CF7D}
	EndGlobalSection
EndGlobal
